
Microsoft Visual Studio Solution File, Format Version 12.00
# Visual Studio Version 16
VisualStudioVersion = 16.0.31729.503
MinimumVisualStudioVersion = 10.0.40219.1
Project("{FAE04EC0-301F-11D3-BF4B-00C04F79EFBC}") = "MediClinic.WebUI", "MediClinic.WebUI\MediClinic.WebUI.csproj", "{245B26C7-B2C2-4DEE-BDD0-014254C1876D}"
EndProject
Project("{FAE04EC0-301F-11D3-BF4B-00C04F79EFBC}") = "MediClinic.Application", "MediClinic.Application\MediClinic.Application.csproj", "{33072FB3-E5AB-47B2-9DF8-728F7FB3399C}"
EndProject
Project("{FAE04EC0-301F-11D3-BF4B-00C04F79EFBC}") = "MediClinic.Domain", "MediClinic.Domain\MediClinic.Domain.csproj", "{2F701567-DD00-43D0-BFFB-220F4EBB94D2}"
EndProject
Project("{FAE04EC0-301F-11D3-BF4B-00C04F79EFBC}") = "MediClinic.Resources", "MediClinic.Resources\MediClinic.Resources.csproj", "{AB29F58C-AA10-4B67-ABE5-D3AA38D7C421}"
EndProject
Global
	GlobalSection(SolutionConfigurationPlatforms) = preSolution
		Debug|Any CPU = Debug|Any CPU
		Release|Any CPU = Release|Any CPU
	EndGlobalSection
	GlobalSection(ProjectConfigurationPlatforms) = postSolution
		{245B26C7-B2C2-4DEE-BDD0-014254C1876D}.Debug|Any CPU.ActiveCfg = Debug|Any CPU
		{245B26C7-B2C2-4DEE-BDD0-014254C1876D}.Debug|Any CPU.Build.0 = Debug|Any CPU
		{245B26C7-B2C2-4DEE-BDD0-014254C1876D}.Release|Any CPU.ActiveCfg = Release|Any CPU
		{245B26C7-B2C2-4DEE-BDD0-014254C1876D}.Release|Any CPU.Build.0 = Release|Any CPU
		{33072FB3-E5AB-47B2-9DF8-728F7FB3399C}.Debug|Any CPU.ActiveCfg = Debug|Any CPU
		{33072FB3-E5AB-47B2-9DF8-728F7FB3399C}.Debug|Any CPU.Build.0 = Debug|Any CPU
		{33072FB3-E5AB-47B2-9DF8-728F7FB3399C}.Release|Any CPU.ActiveCfg = Release|Any CPU
		{33072FB3-E5AB-47B2-9DF8-728F7FB3399C}.Release|Any CPU.Build.0 = Release|Any CPU
		{2F701567-DD00-43D0-BFFB-220F4EBB94D2}.Debug|Any CPU.ActiveCfg = Debug|Any CPU
		{2F701567-DD00-43D0-BFFB-220F4EBB94D2}.Debug|Any CPU.Build.0 = Debug|Any CPU
		{2F701567-DD00-43D0-BFFB-220F4EBB94D2}.Release|Any CPU.ActiveCfg = Release|Any CPU
		{2F701567-DD00-43D0-BFFB-220F4EBB94D2}.Release|Any CPU.Build.0 = Release|Any CPU
		{AB29F58C-AA10-4B67-ABE5-D3AA38D7C421}.Debug|Any CPU.ActiveCfg = Debug|Any CPU
		{AB29F58C-AA10-4B67-ABE5-D3AA38D7C421}.Debug|Any CPU.Build.0 = Debug|Any CPU
		{AB29F58C-AA10-4B67-ABE5-D3AA38D7C421}.Release|Any CPU.ActiveCfg = Release|Any CPU
		{AB29F58C-AA10-4B67-ABE5-D3AA38D7C421}.Release|Any CPU.Build.0 = Release|Any CPU
	EndGlobalSection
	GlobalSection(SolutionProperties) = preSolution
		HideSolutionNode = FALSE
	EndGlobalSection
	GlobalSection(ExtensibilityGlobals) = postSolution
		SolutionGuid = {7D2D7B2D-CEA5-410F-B642-E2592AC890F7}
	EndGlobalSection
EndGlobal
